
Microsoft Visual Studio Solution File, Format Version 12.00
# Visual Studio 15
VisualStudioVersion = 15.0.28307.1500
MinimumVisualStudioVersion = 10.0.40219.1
Project("{FAE04EC0-301F-11D3-BF4B-00C04F79EFBC}") = "remote_repo_connection", "remote_repo_connection\remote_repo_connection.csproj", "{74D35D8C-0B06-49B4-BACE-6A76FA696A57}"
EndProject
Global
	GlobalSection(SolutionConfigurationPlatforms) = preSolution
		Debug|Any CPU = Debug|Any CPU
		Release|Any CPU = Release|Any CPU
	EndGlobalSection
	GlobalSection(ProjectConfigurationPlatforms) = postSolution
		{74D35D8C-0B06-49B4-BACE-6A76FA696A57}.Debug|Any CPU.ActiveCfg = Debug|Any CPU
		{74D35D8C-0B06-49B4-BACE-6A76FA696A57}.Debug|Any CPU.Build.0 = Debug|Any CPU
		{74D35D8C-0B06-49B4-BACE-6A76FA696A57}.Release|Any CPU.ActiveCfg = Release|Any CPU
		{74D35D8C-0B06-49B4-BACE-6A76FA696A57}.Release|Any CPU.Build.0 = Release|Any CPU
	EndGlobalSection
	GlobalSection(SolutionProperties) = preSolution
		HideSolutionNode = FALSE
	EndGlobalSection
	GlobalSection(ExtensibilityGlobals) = postSolution
		SolutionGuid = {30BBDB93-AD1E-496F-94A3-1FF2026F13F2}
	EndGlobalSection
EndGlobal
